
Microsoft Visual Studio Solution File, Format Version 12.00
# Visual Studio 15
VisualStudioVersion = 15.0.26730.16
MinimumVisualStudioVersion = 10.0.40219.1
Project("{FAE04EC0-301F-11D3-BF4B-00C04F79EFBC}") = "MVVMSampleApp", "MVVMSampleApp\MVVMSampleApp.csproj", "{C1B3D6C0-7ED2-4027-A472-5FB04E0B1D49}"
EndProject
Project("{9A19103F-16F7-4668-BE54-9A1E7A4F7556}") = "BooksLib", "BooksLib\BooksLib.csproj", "{F7E9A2D3-6678-41C0-B2D0-86E10853742D}"
EndProject
Global
	GlobalSection(SolutionConfigurationPlatforms) = preSolution
		Debug|Any CPU = Debug|Any CPU
		Release|Any CPU = Release|Any CPU
	EndGlobalSection
	GlobalSection(ProjectConfigurationPlatforms) = postSolution
		{C1B3D6C0-7ED2-4027-A472-5FB04E0B1D49}.Debug|Any CPU.ActiveCfg = Debug|Any CPU
		{C1B3D6C0-7ED2-4027-A472-5FB04E0B1D49}.Debug|Any CPU.Build.0 = Debug|Any CPU
		{C1B3D6C0-7ED2-4027-A472-5FB04E0B1D49}.Release|Any CPU.ActiveCfg = Release|Any CPU
		{C1B3D6C0-7ED2-4027-A472-5FB04E0B1D49}.Release|Any CPU.Build.0 = Release|Any CPU
		{F7E9A2D3-6678-41C0-B2D0-86E10853742D}.Debug|Any CPU.ActiveCfg = Debug|Any CPU
		{F7E9A2D3-6678-41C0-B2D0-86E10853742D}.Debug|Any CPU.Build.0 = Debug|Any CPU
		{F7E9A2D3-6678-41C0-B2D0-86E10853742D}.Release|Any CPU.ActiveCfg = Release|Any CPU
		{F7E9A2D3-6678-41C0-B2D0-86E10853742D}.Release|Any CPU.Build.0 = Release|Any CPU
	EndGlobalSection
	GlobalSection(SolutionProperties) = preSolution
		HideSolutionNode = FALSE
	EndGlobalSection
	GlobalSection(ExtensibilityGlobals) = postSolution
		SolutionGuid = {06483AD0-04F8-4533-AEFD-294267EECD4F}
	EndGlobalSection
EndGlobal
